// !$*UTF8*$!
{
	archiveVersion = 1;
	classes = {
	};
	objectVersion = 46;
	objects = {

/* Begin PBXBuildFile section */
		781C3E03188E22E20017D677 /* AADataManager.m in Sources */ = {isa = PBXBuildFile; fileRef = 781C3E02188E22E20017D677 /* AADataManager.m */; };
		781C3E04188E22E20017D677 /* AADataManager.m in Sources */ = {isa = PBXBuildFile; fileRef = 781C3E02188E22E20017D677 /* AADataManager.m */; };
		781C3E06188E6FE80017D677 /* ipagp-mona.woff in Resources */ = {isa = PBXBuildFile; fileRef = 781C3E05188E6FE80017D677 /* ipagp-mona.woff */; };
		781C3E0A188E7C730017D677 /* AAFileUtil.m in Sources */ = {isa = PBXBuildFile; fileRef = 781C3E09188E7C730017D677 /* AAFileUtil.m */; };
		781C3E0B188E7C730017D677 /* AAFileUtil.m in Sources */ = {isa = PBXBuildFile; fileRef = 781C3E09188E7C730017D677 /* AAFileUtil.m */; };
		781C3E0D188E7E050017D677 /* template.html in Resources */ = {isa = PBXBuildFile; fileRef = 781C3E0C188E7E050017D677 /* template.html */; };
		781C3E0E188E7E050017D677 /* template.html in Resources */ = {isa = PBXBuildFile; fileRef = 781C3E0C188E7E050017D677 /* template.html */; };
		7833C8FE188CD33C00905AA6 /* Cocoa.framework in Frameworks */ = {isa = PBXBuildFile; fileRef = 7833C8FD188CD33C00905AA6 /* Cocoa.framework */; };
		7833C908188CD33C00905AA6 /* InfoPlist.strings in Resources */ = {isa = PBXBuildFile; fileRef = 7833C906188CD33C00905AA6 /* InfoPlist.strings */; };
		7833C90A188CD33C00905AA6 /* main.m in Sources */ = {isa = PBXBuildFile; fileRef = 7833C909188CD33C00905AA6 /* main.m */; };
		7833C90E188CD33C00905AA6 /* Credits.rtf in Resources */ = {isa = PBXBuildFile; fileRef = 7833C90C188CD33C00905AA6 /* Credits.rtf */; };
		7833C911188CD33C00905AA6 /* AAAppDelegate.m in Sources */ = {isa = PBXBuildFile; fileRef = 7833C910188CD33C00905AA6 /* AAAppDelegate.m */; };
		7833C914188CD33C00905AA6 /* MainMenu.xib in Resources */ = {isa = PBXBuildFile; fileRef = 7833C912188CD33C00905AA6 /* MainMenu.xib */; };
		7833C91C188CD33C00905AA6 /* SenTestingKit.framework in Frameworks */ = {isa = PBXBuildFile; fileRef = 7833C91B188CD33C00905AA6 /* SenTestingKit.framework */; };
		7833C91D188CD33C00905AA6 /* Cocoa.framework in Frameworks */ = {isa = PBXBuildFile; fileRef = 7833C8FD188CD33C00905AA6 /* Cocoa.framework */; };
		7833C925188CD33C00905AA6 /* InfoPlist.strings in Resources */ = {isa = PBXBuildFile; fileRef = 7833C923188CD33C00905AA6 /* InfoPlist.strings */; };
		7833C928188CD33C00905AA6 /* AAEditTests.m in Sources */ = {isa = PBXBuildFile; fileRef = 7833C927188CD33C00905AA6 /* AAEditTests.m */; };
		7833C932188CD37900905AA6 /* Quartz.framework in Frameworks */ = {isa = PBXBuildFile; fileRef = 7833C931188CD37900905AA6 /* Quartz.framework */; };
		7833C949188CD42F00905AA6 /* AAMainViewController.m in Sources */ = {isa = PBXBuildFile; fileRef = 7833C938188CD42F00905AA6 /* AAMainViewController.m */; };
		7833C94A188CD42F00905AA6 /* AAViewModel.m in Sources */ = {isa = PBXBuildFile; fileRef = 7833C93B188CD42F00905AA6 /* AAViewModel.m */; };
		7833C94B188CD42F00905AA6 /* AAAsciiTraceView.m in Sources */ = {isa = PBXBuildFile; fileRef = 7833C93E188CD42F00905AA6 /* AAAsciiTraceView.m */; };
		7833C94C188CD42F00905AA6 /* AAMovieView.m in Sources */ = {isa = PBXBuildFile; fileRef = 7833C940188CD42F00905AA6 /* AAMovieView.m */; };
		7833C94D188CD42F00905AA6 /* AATextField.m in Sources */ = {isa = PBXBuildFile; fileRef = 7833C942188CD42F00905AA6 /* AATextField.m */; };
		7833C94E188CD42F00905AA6 /* AATextView.m in Sources */ = {isa = PBXBuildFile; fileRef = 7833C944188CD42F00905AA6 /* AATextView.m */; };
		7833C950188CD42F00905AA6 /* NSColorWellWithAlpha.m in Sources */ = {isa = PBXBuildFile; fileRef = 7833C948188CD42F00905AA6 /* NSColorWellWithAlpha.m */; };
		7833C952188CD45900905AA6 /* QTKit.framework in Frameworks */ = {isa = PBXBuildFile; fileRef = 7833C951188CD45900905AA6 /* QTKit.framework */; };
		7833C956188CD4A200905AA6 /* player.qtz in Resources */ = {isa = PBXBuildFile; fileRef = 7833C954188CD4A200905AA6 /* player.qtz */; };
		78647E62188CF68E00CECA10 /* WebKit.framework in Frameworks */ = {isa = PBXBuildFile; fileRef = 78647E60188CF66F00CECA10 /* WebKit.framework */; };
		78647E65188CF6BB00CECA10 /* AAWebView.m in Sources */ = {isa = PBXBuildFile; fileRef = 78647E64188CF6BB00CECA10 /* AAWebView.m */; };
		78731B481894E5FC002183C8 /* NSUserDefaults+Addition.m in Sources */ = {isa = PBXBuildFile; fileRef = 78731B471894E5FC002183C8 /* NSUserDefaults+Addition.m */; };
		78731B491894E5FC002183C8 /* NSUserDefaults+Addition.m in Sources */ = {isa = PBXBuildFile; fileRef = 78731B471894E5FC002183C8 /* NSUserDefaults+Addition.m */; };
		788AD43218962E9600FEB743 /* opencv.a in Frameworks */ = {isa = PBXBuildFile; fileRef = 788AD43118962E9600FEB743 /* opencv.a */; };
		788AD43318962E9600FEB743 /* opencv.a in Frameworks */ = {isa = PBXBuildFile; fileRef = 788AD43118962E9600FEB743 /* opencv.a */; };
		78ADD976189247C6003B6D07 /* NSArrayController+Addition.m in Sources */ = {isa = PBXBuildFile; fileRef = 78ADD975189247C6003B6D07 /* NSArrayController+Addition.m */; };
		78ADD977189247C6003B6D07 /* NSArrayController+Addition.m in Sources */ = {isa = PBXBuildFile; fileRef = 78ADD975189247C6003B6D07 /* NSArrayController+Addition.m */; };
		78ADD97B18926047003B6D07 /* ipagp-mona.ttf in Resources */ = {isa = PBXBuildFile; fileRef = 78ADD97A18926047003B6D07 /* ipagp-mona.ttf */; };
		78ADD97D189260DA003B6D07 /* ipagp-mona.ttf in CopyFiles */ = {isa = PBXBuildFile; fileRef = 78ADD97A18926047003B6D07 /* ipagp-mona.ttf */; };
		78ADD9831892A47F003B6D07 /* NSString+AAAddition.m in Sources */ = {isa = PBXBuildFile; fileRef = 78ADD9821892A47F003B6D07 /* NSString+AAAddition.m */; };
		78ADD9861892B1C3003B6D07 /* NSImage+Addition.m in Sources */ = {isa = PBXBuildFile; fileRef = 78ADD9851892B1C3003B6D07 /* NSImage+Addition.m */; };
		78B9F58E188FA4B7006D96DB /* UserDefaults.plist in Resources */ = {isa = PBXBuildFile; fileRef = 78B9F58D188FA4B7006D96DB /* UserDefaults.plist */; };
		78B9F591188FE9B3006D96DB /* AAEdgeData.m in Sources */ = {isa = PBXBuildFile; fileRef = 78B9F590188FE9B3006D96DB /* AAEdgeData.m */; };
		78C74BE21894FE870023C9C6 /* AADomUtil.m in Sources */ = {isa = PBXBuildFile; fileRef = 78C74BE11894FE870023C9C6 /* AADomUtil.m */; };
		78C74BE31894FE870023C9C6 /* AADomUtil.m in Sources */ = {isa = PBXBuildFile; fileRef = 78C74BE11894FE870023C9C6 /* AADomUtil.m */; };
		78C74BE718950F560023C9C6 /* AAToneData.m in Sources */ = {isa = PBXBuildFile; fileRef = 78C74BE618950F560023C9C6 /* AAToneData.m */; };
		78C74BE818950F560023C9C6 /* AAToneData.m in Sources */ = {isa = PBXBuildFile; fileRef = 78C74BE618950F560023C9C6 /* AAToneData.m */; };
		78C74BEB189521270023C9C6 /* AAColorCell.m in Sources */ = {isa = PBXBuildFile; fileRef = 78C74BEA189521270023C9C6 /* AAColorCell.m */; };
		78C74BEC189521270023C9C6 /* AAColorCell.m in Sources */ = {isa = PBXBuildFile; fileRef = 78C74BEA189521270023C9C6 /* AAColorCell.m */; };
/* End PBXBuildFile section */

/* Begin PBXContainerItemProxy section */
		7833C91E188CD33C00905AA6 /* PBXContainerItemProxy */ = {
			isa = PBXContainerItemProxy;
			containerPortal = 7833C8F2188CD33C00905AA6 /* Project object */;
			proxyType = 1;
			remoteGlobalIDString = 7833C8F9188CD33C00905AA6;
			remoteInfo = AAEdit;
		};
/* End PBXContainerItemProxy section */

/* Begin PBXCopyFilesBuildPhase section */
		78ADD97C189260BC003B6D07 /* CopyFiles */ = {
			isa = PBXCopyFilesBuildPhase;
			buildActionMask = 12;
			dstPath = Fonts;
			dstSubfolderSpec = 7;
			files = (
				78ADD97D189260DA003B6D07 /* ipagp-mona.ttf in CopyFiles */,
			);
			runOnlyForDeploymentPostprocessing = 0;
		};
/* End PBXCopyFilesBuildPhase section */

/* Begin PBXFileReference section */
		781C3E01188E22E20017D677 /* AADataManager.h */ = {isa = PBXFileReference; fileEncoding = 4; lastKnownFileType = sourcecode.c.h; path = AADataManager.h; sourceTree = "<group>"; };
		781C3E02188E22E20017D677 /* AADataManager.m */ = {isa = PBXFileReference; fileEncoding = 4; lastKnownFileType = sourcecode.c.objc; path = AADataManager.m; sourceTree = "<group>"; };
		781C3E05188E6FE80017D677 /* ipagp-mona.woff */ = {isa = PBXFileReference; lastKnownFileType = file; path = "ipagp-mona.woff"; sourceTree = "<group>"; };
		781C3E08188E7C730017D677 /* AAFileUtil.h */ = {isa = PBXFileReference; fileEncoding = 4; lastKnownFileType = sourcecode.c.h; name = AAFileUtil.h; path = util/AAFileUtil.h; sourceTree = "<group>"; };
		781C3E09188E7C730017D677 /* AAFileUtil.m */ = {isa = PBXFileReference; fileEncoding = 4; lastKnownFileType = sourcecode.c.objc; name = AAFileUtil.m; path = util/AAFileUtil.m; sourceTree = "<group>"; };
		781C3E0C188E7E050017D677 /* template.html */ = {isa = PBXFileReference; fileEncoding = 4; lastKnownFileType = text.html; path = template.html; sourceTree = "<group>"; };
		782432911893CDBF0037C1F8 /* AABitmap.h */ = {isa = PBXFileReference; lastKnownFileType = sourcecode.c.h; path = AABitmap.h; sourceTree = "<group>"; };
		7833C8FA188CD33C00905AA6 /* AAEdit.app */ = {isa = PBXFileReference; explicitFileType = wrapper.application; includeInIndex = 0; path = AAEdit.app; sourceTree = BUILT_PRODUCTS_DIR; };
		7833C8FD188CD33C00905AA6 /* Cocoa.framework */ = {isa = PBXFileReference; lastKnownFileType = wrapper.framework; name = Cocoa.framework; path = System/Library/Frameworks/Cocoa.framework; sourceTree = SDKROOT; };
		7833C900188CD33C00905AA6 /* AppKit.framework */ = {isa = PBXFileReference; lastKnownFileType = wrapper.framework; name = AppKit.framework; path = System/Library/Frameworks/AppKit.framework; sourceTree = SDKROOT; };
		7833C901188CD33C00905AA6 /* CoreData.framework */ = {isa = PBXFileReference; lastKnownFileType = wrapper.framework; name = CoreData.framework; path = System/Library/Frameworks/CoreData.framework; sourceTree = SDKROOT; };
		7833C902188CD33C00905AA6 /* Foundation.framework */ = {isa = PBXFileReference; lastKnownFileType = wrapper.framework; name = Foundation.framework; path = System/Library/Frameworks/Foundation.framework; sourceTree = SDKROOT; };
		7833C905188CD33C00905AA6 /* AAEdit-Info.plist */ = {isa = PBXFileReference; lastKnownFileType = text.plist.xml; path = "AAEdit-Info.plist"; sourceTree = "<group>"; };
		7833C907188CD33C00905AA6 /* en */ = {isa = PBXFileReference; lastKnownFileType = text.plist.strings; name = en; path = en.lproj/InfoPlist.strings; sourceTree = "<group>"; };
		7833C909188CD33C00905AA6 /* main.m */ = {isa = PBXFileReference; lastKnownFileType = sourcecode.c.objc; path = main.m; sourceTree = "<group>"; };
		7833C90B188CD33C00905AA6 /* AAEdit-Prefix.pch */ = {isa = PBXFileReference; lastKnownFileType = sourcecode.c.h; path = "AAEdit-Prefix.pch"; sourceTree = "<group>"; };
		7833C90D188CD33C00905AA6 /* en */ = {isa = PBXFileReference; lastKnownFileType = text.rtf; name = en; path = en.lproj/Credits.rtf; sourceTree = "<group>"; };
		7833C90F188CD33C00905AA6 /* AAAppDelegate.h */ = {isa = PBXFileReference; lastKnownFileType = sourcecode.c.h; name = AAAppDelegate.h; path = ../AAAppDelegate.h; sourceTree = "<group>"; };
		7833C910188CD33C00905AA6 /* AAAppDelegate.m */ = {isa = PBXFileReference; lastKnownFileType = sourcecode.c.objc; name = AAAppDelegate.m; path = ../AAAppDelegate.m; sourceTree = "<group>"; };
		7833C913188CD33C00905AA6 /* en */ = {isa = PBXFileReference; lastKnownFileType = file.xib; name = en; path = en.lproj/MainMenu.xib; sourceTree = "<group>"; };
		7833C91A188CD33C00905AA6 /* AAEditTests.octest */ = {isa = PBXFileReference; explicitFileType = wrapper.cfbundle; includeInIndex = 0; path = AAEditTests.octest; sourceTree = BUILT_PRODUCTS_DIR; };
		7833C91B188CD33C00905AA6 /* SenTestingKit.framework */ = {isa = PBXFileReference; lastKnownFileType = wrapper.framework; name = SenTestingKit.framework; path = Library/Frameworks/SenTestingKit.framework; sourceTree = DEVELOPER_DIR; };
		7833C922188CD33C00905AA6 /* AAEditTests-Info.plist */ = {isa = PBXFileReference; lastKnownFileType = text.plist.xml; path = "AAEditTests-Info.plist"; sourceTree = "<group>"; };
		7833C924188CD33C00905AA6 /* en */ = {isa = PBXFileReference; lastKnownFileType = text.plist.strings; name = en; path = en.lproj/InfoPlist.strings; sourceTree = "<group>"; };
		7833C926188CD33C00905AA6 /* AAEditTests.h */ = {isa = PBXFileReference; lastKnownFileType = sourcecode.c.h; path = AAEditTests.h; sourceTree = "<group>"; };
		7833C927188CD33C00905AA6 /* AAEditTests.m */ = {isa = PBXFileReference; lastKnownFileType = sourcecode.c.objc; path = AAEditTests.m; sourceTree = "<group>"; };
		7833C931188CD37900905AA6 /* Quartz.framework */ = {isa = PBXFileReference; lastKnownFileType = wrapper.framework; name = Quartz.framework; path = System/Library/Frameworks/Quartz.framework; sourceTree = SDKROOT; };
		7833C937188CD42F00905AA6 /* AAMainViewController.h */ = {isa = PBXFileReference; fileEncoding = 4; lastKnownFileType = sourcecode.c.h; path = AAMainViewController.h; sourceTree = "<group>"; };
		7833C938188CD42F00905AA6 /* AAMainViewController.m */ = {isa = PBXFileReference; fileEncoding = 4; lastKnownFileType = sourcecode.c.objc; path = AAMainViewController.m; sourceTree = "<group>"; };
		7833C93A188CD42F00905AA6 /* AAViewModel.h */ = {isa = PBXFileReference; fileEncoding = 4; lastKnownFileType = sourcecode.c.h; path = AAViewModel.h; sourceTree = "<group>"; };
		7833C93B188CD42F00905AA6 /* AAViewModel.m */ = {isa = PBXFileReference; fileEncoding = 4; lastKnownFileType = sourcecode.c.objc; path = AAViewModel.m; sourceTree = "<group>"; };
		7833C93D188CD42F00905AA6 /* AAAsciiTraceView.h */ = {isa = PBXFileReference; fileEncoding = 4; lastKnownFileType = sourcecode.c.h; path = AAAsciiTraceView.h; sourceTree = "<group>"; };
		7833C93E188CD42F00905AA6 /* AAAsciiTraceView.m */ = {isa = PBXFileReference; fileEncoding = 4; lastKnownFileType = sourcecode.c.objc; path = AAAsciiTraceView.m; sourceTree = "<group>"; };
		7833C93F188CD42F00905AA6 /* AAMovieView.h */ = {isa = PBXFileReference; fileEncoding = 4; lastKnownFileType = sourcecode.c.h; path = AAMovieView.h; sourceTree = "<group>"; };
		7833C940188CD42F00905AA6 /* AAMovieView.m */ = {isa = PBXFileReference; fileEncoding = 4; lastKnownFileType = sourcecode.c.objc; path = AAMovieView.m; sourceTree = "<group>"; };
		7833C941188CD42F00905AA6 /* AATextField.h */ = {isa = PBXFileReference; fileEncoding = 4; lastKnownFileType = sourcecode.c.h; path = AATextField.h; sourceTree = "<group>"; };
		7833C942188CD42F00905AA6 /* AATextField.m */ = {isa = PBXFileReference; fileEncoding = 4; lastKnownFileType = sourcecode.c.objc; path = AATextField.m; sourceTree = "<group>"; };
		7833C943188CD42F00905AA6 /* AATextView.h */ = {isa = PBXFileReference; fileEncoding = 4; lastKnownFileType = sourcecode.c.h; path = AATextView.h; sourceTree = "<group>"; };
		7833C944188CD42F00905AA6 /* AATextView.m */ = {isa = PBXFileReference; fileEncoding = 4; lastKnownFileType = sourcecode.c.objc; path = AATextView.m; sourceTree = "<group>"; };
		7833C947188CD42F00905AA6 /* NSColorWellWithAlpha.h */ = {isa = PBXFileReference; fileEncoding = 4; lastKnownFileType = sourcecode.c.h; path = NSColorWellWithAlpha.h; sourceTree = "<group>"; };
		7833C948188CD42F00905AA6 /* NSColorWellWithAlpha.m */ = {isa = PBXFileReference; fileEncoding = 4; lastKnownFileType = sourcecode.c.objc; path = NSColorWellWithAlpha.m; sourceTree = "<group>"; };
		7833C951188CD45900905AA6 /* QTKit.framework */ = {isa = PBXFileReference; lastKnownFileType = wrapper.framework; name = QTKit.framework; path = System/Library/Frameworks/QTKit.framework; sourceTree = SDKROOT; };
		7833C954188CD4A200905AA6 /* player.qtz */ = {isa = PBXFileReference; lastKnownFileType = "video.quartz-composer"; path = player.qtz; sourceTree = "<group>"; };
		78647E60188CF66F00CECA10 /* WebKit.framework */ = {isa = PBXFileReference; lastKnownFileType = wrapper.framework; name = WebKit.framework; path = System/Library/Frameworks/WebKit.framework; sourceTree = SDKROOT; };
		78647E63188CF6BB00CECA10 /* AAWebView.h */ = {isa = PBXFileReference; fileEncoding = 4; lastKnownFileType = sourcecode.c.h; path = AAWebView.h; sourceTree = "<group>"; };
		78647E64188CF6BB00CECA10 /* AAWebView.m */ = {isa = PBXFileReference; fileEncoding = 4; lastKnownFileType = sourcecode.c.objc; path = AAWebView.m; sourceTree = "<group>"; };
		78731B461894E5FC002183C8 /* NSUserDefaults+Addition.h */ = {isa = PBXFileReference; fileEncoding = 4; lastKnownFileType = sourcecode.c.h; name = "NSUserDefaults+Addition.h"; path = "addition/NSUserDefaults+Addition.h"; sourceTree = "<group>"; };
		78731B471894E5FC002183C8 /* NSUserDefaults+Addition.m */ = {isa = PBXFileReference; fileEncoding = 4; lastKnownFileType = sourcecode.c.objc; name = "NSUserDefaults+Addition.m"; path = "addition/NSUserDefaults+Addition.m"; sourceTree = "<group>"; };
		788AD3CF18962E9600FEB743 /* cv.h */ = {isa = PBXFileReference; fileEncoding = 4; lastKnownFileType = sourcecode.c.h; path = cv.h; sourceTree = "<group>"; };
		788AD3D018962E9600FEB743 /* cv.hpp */ = {isa = PBXFileReference; fileEncoding = 4; lastKnownFileType = sourcecode.cpp.h; path = cv.hpp; sourceTree = "<group>"; };
		788AD3D118962E9600FEB743 /* cvaux.h */ = {isa = PBXFileReference; fileEncoding = 4; lastKnownFileType = sourcecode.c.h; path = cvaux.h; sourceTree = "<group>"; };
		788AD3D218962E9600FEB743 /* cvaux.hpp */ = {isa = PBXFileReference; fileEncoding = 4; lastKnownFileType = sourcecode.cpp.h; path = cvaux.hpp; sourceTree = "<group>"; };
		788AD3D318962E9600FEB743 /* cvwimage.h */ = {isa = PBXFileReference; fileEncoding = 4; lastKnownFileType = sourcecode.c.h; path = cvwimage.h; sourceTree = "<group>"; };
		788AD3D418962E9600FEB743 /* cxcore.h */ = {isa = PBXFileReference; fileEncoding = 4; lastKnownFileType = sourcecode.c.h; path = cxcore.h; sourceTree = "<group>"; };
		788AD3D518962E9600FEB743 /* cxcore.hpp */ = {isa = PBXFileReference; fileEncoding = 4; lastKnownFileType = sourcecode.cpp.h; path = cxcore.hpp; sourceTree = "<group>"; };
		788AD3D618962E9600FEB743 /* cxeigen.hpp */ = {isa = PBXFileReference; fileEncoding = 4; lastKnownFileType = sourcecode.cpp.h; path = cxeigen.hpp; sourceTree = "<group>"; };
		788AD3D718962E9600FEB743 /* cxmisc.h */ = {isa = PBXFileReference; fileEncoding = 4; lastKnownFileType = sourcecode.c.h; path = cxmisc.h; sourceTree = "<group>"; };
		788AD3D818962E9600FEB743 /* highgui.h */ = {isa = PBXFileReference; fileEncoding = 4; lastKnownFileType = sourcecode.c.h; path = highgui.h; sourceTree = "<group>"; };
		788AD3D918962E9600FEB743 /* ml.h */ = {isa = PBXFileReference; fileEncoding = 4; lastKnownFileType = sourcecode.c.h; path = ml.h; sourceTree = "<group>"; };
		788AD3DC18962E9600FEB743 /* calib3d.hpp */ = {isa = PBXFileReference; fileEncoding = 4; lastKnownFileType = sourcecode.cpp.h; path = calib3d.hpp; sourceTree = "<group>"; };
		788AD3DE18962E9600FEB743 /* contrib.hpp */ = {isa = PBXFileReference; fileEncoding = 4; lastKnownFileType = sourcecode.cpp.h; path = contrib.hpp; sourceTree = "<group>"; };
		788AD3DF18962E9600FEB743 /* retina.hpp */ = {isa = PBXFileReference; fileEncoding = 4; lastKnownFileType = sourcecode.cpp.h; path = retina.hpp; sourceTree = "<group>"; };
		788AD3E118962E9600FEB743 /* core.hpp */ = {isa = PBXFileReference; fileEncoding = 4; lastKnownFileType = sourcecode.cpp.h; path = core.hpp; sourceTree = "<group>"; };
		788AD3E218962E9600FEB743 /* core_c.h */ = {isa = PBXFileReference; fileEncoding = 4; lastKnownFileType = sourcecode.c.h; path = core_c.h; sourceTree = "<group>"; };
		788AD3E318962E9600FEB743 /* eigen.hpp */ = {isa = PBXFileReference; fileEncoding = 4; lastKnownFileType = sourcecode.cpp.h; path = eigen.hpp; sourceTree = "<group>"; };
		788AD3E418962E9600FEB743 /* internal.hpp */ = {isa = PBXFileReference; fileEncoding = 4; lastKnownFileType = sourcecode.cpp.h; path = internal.hpp; sourceTree = "<group>"; };
		788AD3E518962E9600FEB743 /* mat.hpp */ = {isa = PBXFileReference; fileEncoding = 4; lastKnownFileType = sourcecode.cpp.h; path = mat.hpp; sourceTree = "<group>"; };
		788AD3E618962E9600FEB743 /* operations.hpp */ = {isa = PBXFileReference; fileEncoding = 4; lastKnownFileType = sourcecode.cpp.h; path = operations.hpp; sourceTree = "<group>"; };
		788AD3E718962E9600FEB743 /* types_c.h */ = {isa = PBXFileReference; fileEncoding = 4; lastKnownFileType = sourcecode.c.h; path = types_c.h; sourceTree = "<group>"; };
		788AD3E818962E9600FEB743 /* version.hpp */ = {isa = PBXFileReference; fileEncoding = 4; lastKnownFileType = sourcecode.cpp.h; path = version.hpp; sourceTree = "<group>"; };
		788AD3E918962E9600FEB743 /* wimage.hpp */ = {isa = PBXFileReference; fileEncoding = 4; lastKnownFileType = sourcecode.cpp.h; path = wimage.hpp; sourceTree = "<group>"; };
		788AD3EB18962E9600FEB743 /* features2d.hpp */ = {isa = PBXFileReference; fileEncoding = 4; lastKnownFileType = sourcecode.cpp.h; path = features2d.hpp; sourceTree = "<group>"; };
		788AD3ED18962E9600FEB743 /* all_indices.h */ = {isa = PBXFileReference; fileEncoding = 4; lastKnownFileType = sourcecode.c.h; path = all_indices.h; sourceTree = "<group>"; };
		788AD3EE18962E9600FEB743 /* allocator.h */ = {isa = PBXFileReference; fileEncoding = 4; lastKnownFileType = sourcecode.c.h; path = allocator.h; sourceTree = "<group>"; };
		788AD3EF18962E9600FEB743 /* any.h */ = {isa = PBXFileReference; fileEncoding = 4; lastKnownFileType = sourcecode.c.h; path = any.h; sourceTree = "<group>"; };
		788AD3F018962E9600FEB743 /* autotuned_index.h */ = {isa = PBXFileReference; fileEncoding = 4; lastKnownFileType = sourcecode.c.h; path = autotuned_index.h; sourceTree = "<group>"; };
		788AD3F118962E9600FEB743 /* composite_index.h */ = {isa = PBXFileReference; fileEncoding = 4; lastKnownFileType = sourcecode.c.h; path = composite_index.h; sourceTree = "<group>"; };
		788AD3F218962E9600FEB743 /* config.h */ = {isa = PBXFileReference; fileEncoding = 4; lastKnownFileType = sourcecode.c.h; path = config.h; sourceTree = "<group>"; };
		788AD3F318962E9600FEB743 /* defines.h */ = {isa = PBXFileReference; fileEncoding = 4; lastKnownFileType = sourcecode.c.h; path = defines.h; sourceTree = "<group>"; };
		788AD3F418962E9600FEB743 /* dist.h */ = {isa = PBXFileReference; fileEncoding = 4; lastKnownFileType = sourcecode.c.h; path = dist.h; sourceTree = "<group>"; };
		788AD3F518962E9600FEB743 /* dummy.h */ = {isa = PBXFileReference; fileEncoding = 4; lastKnownFileType = sourcecode.c.h; path = dummy.h; sourceTree = "<group>"; };
		788AD3F618962E9600FEB743 /* dynamic_bitset.h */ = {isa = PBXFileReference; fileEncoding = 4; lastKnownFileType = sourcecode.c.h; path = dynamic_bitset.h; sourceTree = "<group>"; };
		788AD3F718962E9600FEB743 /* flann.hpp */ = {isa = PBXFileReference; fileEncoding = 4; lastKnownFileType = sourcecode.cpp.h; path = flann.hpp; sourceTree = "<group>"; };
		788AD3F818962E9600FEB743 /* flann_base.hpp */ = {isa = PBXFileReference; fileEncoding = 4; lastKnownFileType = sourcecode.cpp.h; path = flann_base.hpp; sourceTree = "<group>"; };
		788AD3F918962E9600FEB743 /* general.h */ = {isa = PBXFileReference; fileEncoding = 4; lastKnownFileType = sourcecode.c.h; path = general.h; sourceTree = "<group>"; };
		788AD3FA18962E9600FEB743 /* ground_truth.h */ = {isa = PBXFileReference; fileEncoding = 4; lastKnownFileType = sourcecode.c.h; path = ground_truth.h; sourceTree = "<group>"; };
		788AD3FB18962E9600FEB743 /* hdf5.h */ = {isa = PBXFileReference; fileEncoding = 4; lastKnownFileType = sourcecode.c.h; path = hdf5.h; sourceTree = "<group>"; };
		788AD3FC18962E9600FEB743 /* heap.h */ = {isa = PBXFileReference; fileEncoding = 4; lastKnownFileType = sourcecode.c.h; path = heap.h; sourceTree = "<group>"; };
		788AD3FD18962E9600FEB743 /* hierarchical_clustering_index.h */ = {isa = PBXFileReference; fileEncoding = 4; lastKnownFileType = sourcecode.c.h; path = hierarchical_clustering_index.h; sourceTree = "<group>"; };
		788AD3FE18962E9600FEB743 /* index_testing.h */ = {isa = PBXFileReference; fileEncoding = 4; lastKnownFileType = sourcecode.c.h; path = index_testing.h; sourceTree = "<group>"; };
		788AD3FF18962E9600FEB743 /* kdtree_index.h */ = {isa = PBXFileReference; fileEncoding = 4; lastKnownFileType = sourcecode.c.h; path = kdtree_index.h; sourceTree = "<group>"; };
		788AD40018962E9600FEB743 /* kdtree_single_index.h */ = {isa = PBXFileReference; fileEncoding = 4; lastKnownFileType = sourcecode.c.h; path = kdtree_single_index.h; sourceTree = "<group>"; };
		788AD40118962E9600FEB743 /* kmeans_index.h */ = {isa = PBXFileReference; fileEncoding = 4; lastKnownFileType = sourcecode.c.h; path = kmeans_index.h; sourceTree = "<group>"; };
		788AD40218962E9600FEB743 /* linear_index.h */ = {isa = PBXFileReference; fileEncoding = 4; lastKnownFileType = sourcecode.c.h; path = linear_index.h; sourceTree = "<group>"; };
		788AD40318962E9600FEB743 /* logger.h */ = {isa = PBXFileReference; fileEncoding = 4; lastKnownFileType = sourcecode.c.h; path = logger.h; sourceTree = "<group>"; };
		788AD40418962E9600FEB743 /* lsh_index.h */ = {isa = PBXFileReference; fileEncoding = 4; lastKnownFileType = sourcecode.c.h; path = lsh_index.h; sourceTree = "<group>"; };
		788AD40518962E9600FEB743 /* lsh_table.h */ = {isa = PBXFileReference; fileEncoding = 4; lastKnownFileType = sourcecode.c.h; path = lsh_table.h; sourceTree = "<group>"; };
		788AD40618962E9600FEB743 /* matrix.h */ = {isa = PBXFileReference; fileEncoding = 4; lastKnownFileType = sourcecode.c.h; path = matrix.h; sourceTree = "<group>"; };
		788AD40718962E9600FEB743 /* miniflann.hpp */ = {isa = PBXFileReference; fileEncoding = 4; lastKnownFileType = sourcecode.cpp.h; path = miniflann.hpp; sourceTree = "<group>"; };
		788AD40818962E9600FEB743 /* nn_index.h */ = {isa = PBXFileReference; fileEncoding = 4; lastKnownFileType = sourcecode.c.h; path = nn_index.h; sourceTree = "<group>"; };
		788AD40918962E9600FEB743 /* object_factory.h */ = {isa = PBXFileReference; fileEncoding = 4; lastKnownFileType = sourcecode.c.h; path = object_factory.h; sourceTree = "<group>"; };
		788AD40A18962E9600FEB743 /* params.h */ = {isa = PBXFileReference; fileEncoding = 4; lastKnownFileType = sourcecode.c.h; path = params.h; sourceTree = "<group>"; };
		788AD40B18962E9600FEB743 /* random.h */ = {isa = PBXFileReference; fileEncoding = 4; lastKnownFileType = sourcecode.c.h; path = random.h; sourceTree = "<group>"; };
		788AD40C18962E9600FEB743 /* result_set.h */ = {isa = PBXFileReference; fileEncoding = 4; lastKnownFileType = sourcecode.c.h; path = result_set.h; sourceTree = "<group>"; };
		788AD40D18962E9600FEB743 /* sampling.h */ = {isa = PBXFileReference; fileEncoding = 4; lastKnownFileType = sourcecode.c.h; path = sampling.h; sourceTree = "<group>"; };
		788AD40E18962E9600FEB743 /* saving.h */ = {isa = PBXFileReference; fileEncoding = 4; lastKnownFileType = sourcecode.c.h; path = saving.h; sourceTree = "<group>"; };
		788AD40F18962E9600FEB743 /* simplex_downhill.h */ = {isa = PBXFileReference; fileEncoding = 4; lastKnownFileType = sourcecode.c.h; path = simplex_downhill.h; sourceTree = "<group>"; };
		788AD41018962E9600FEB743 /* timer.h */ = {isa = PBXFileReference; fileEncoding = 4; lastKnownFileType = sourcecode.c.h; path = timer.h; sourceTree = "<group>"; };
		788AD41218962E9600FEB743 /* devmem2d.hpp */ = {isa = PBXFileReference; fileEncoding = 4; lastKnownFileType = sourcecode.cpp.h; path = devmem2d.hpp; sourceTree = "<group>"; };
		788AD41318962E9600FEB743 /* gpu.hpp */ = {isa = PBXFileReference; fileEncoding = 4; lastKnownFileType = sourcecode.cpp.h; path = gpu.hpp; sourceTree = "<group>"; };
		788AD41418962E9600FEB743 /* gpumat.hpp */ = {isa = PBXFileReference; fileEncoding = 4; lastKnownFileType = sourcecode.cpp.h; path = gpumat.hpp; sourceTree = "<group>"; };
		788AD41518962E9600FEB743 /* matrix_operations.hpp */ = {isa = PBXFileReference; fileEncoding = 4; lastKnownFileType = sourcecode.cpp.h; path = matrix_operations.hpp; sourceTree = "<group>"; };
		788AD41618962E9600FEB743 /* stream_accessor.hpp */ = {isa = PBXFileReference; fileEncoding = 4; lastKnownFileType = sourcecode.cpp.h; path = stream_accessor.hpp; sourceTree = "<group>"; };
		788AD41818962E9600FEB743 /* highgui.hpp */ = {isa = PBXFileReference; fileEncoding = 4; lastKnownFileType = sourcecode.cpp.h; path = highgui.hpp; sourceTree = "<group>"; };
		788AD41918962E9600FEB743 /* highgui_c.h */ = {isa = PBXFileReference; fileEncoding = 4; lastKnownFileType = sourcecode.c.h; path = highgui_c.h; sourceTree = "<group>"; };
		788AD41B18962E9600FEB743 /* imgproc.hpp */ = {isa = PBXFileReference; fileEncoding = 4; lastKnownFileType = sourcecode.cpp.h; path = imgproc.hpp; sourceTree = "<group>"; };
		788AD41C18962E9600FEB743 /* imgproc_c.h */ = {isa = PBXFileReference; fileEncoding = 4; lastKnownFileType = sourcecode.c.h; path = imgproc_c.h; sourceTree = "<group>"; };
		788AD41D18962E9600FEB743 /* types_c.h */ = {isa = PBXFileReference; fileEncoding = 4; lastKnownFileType = sourcecode.c.h; path = types_c.h; sourceTree = "<group>"; };
		788AD41F18962E9600FEB743 /* blobtrack.hpp */ = {isa = PBXFileReference; fileEncoding = 4; lastKnownFileType = sourcecode.cpp.h; path = blobtrack.hpp; sourceTree = "<group>"; };
		788AD42018962E9600FEB743 /* compat.hpp */ = {isa = PBXFileReference; fileEncoding = 4; lastKnownFileType = sourcecode.cpp.h; path = compat.hpp; sourceTree = "<group>"; };
		788AD42118962E9600FEB743 /* legacy.hpp */ = {isa = PBXFileReference; fileEncoding = 4; lastKnownFileType = sourcecode.cpp.h; path = legacy.hpp; sourceTree = "<group>"; };
		788AD42218962E9600FEB743 /* streams.hpp */ = {isa = PBXFileReference; fileEncoding = 4; lastKnownFileType = sourcecode.cpp.h; path = streams.hpp; sourceTree = "<group>"; };
		788AD42418962E9600FEB743 /* ml.hpp */ = {isa = PBXFileReference; fileEncoding = 4; lastKnownFileType = sourcecode.cpp.h; path = ml.hpp; sourceTree = "<group>"; };
		788AD42618962E9600FEB743 /* objdetect.hpp */ = {isa = PBXFileReference; fileEncoding = 4; lastKnownFileType = sourcecode.cpp.h; path = objdetect.hpp; sourceTree = "<group>"; };
		788AD42718962E9600FEB743 /* opencv.hpp */ = {isa = PBXFileReference; fileEncoding = 4; lastKnownFileType = sourcecode.cpp.h; path = opencv.hpp; sourceTree = "<group>"; };
		788AD42918962E9600FEB743 /* ts.hpp */ = {isa = PBXFileReference; fileEncoding = 4; lastKnownFileType = sourcecode.cpp.h; path = ts.hpp; sourceTree = "<group>"; };
		788AD42A18962E9600FEB743 /* ts_gtest.h */ = {isa = PBXFileReference; fileEncoding = 4; lastKnownFileType = sourcecode.c.h; path = ts_gtest.h; sourceTree = "<group>"; };
		788AD42C18962E9600FEB743 /* background_segm.hpp */ = {isa = PBXFileReference; fileEncoding = 4; lastKnownFileType = sourcecode.cpp.h; path = background_segm.hpp; sourceTree = "<group>"; };
		788AD42D18962E9600FEB743 /* tracking.hpp */ = {isa = PBXFileReference; fileEncoding = 4; lastKnownFileType = sourcecode.cpp.h; path = tracking.hpp; sourceTree = "<group>"; };
		788AD42E18962E9600FEB743 /* video.hpp */ = {isa = PBXFileReference; fileEncoding = 4; lastKnownFileType = sourcecode.cpp.h; path = video.hpp; sourceTree = "<group>"; };
		788AD43118962E9600FEB743 /* opencv.a */ = {isa = PBXFileReference; lastKnownFileType = archive.ar; path = opencv.a; sourceTree = "<group>"; };
		78ADD974189247C6003B6D07 /* NSArrayController+Addition.h */ = {isa = PBXFileReference; fileEncoding = 4; lastKnownFileType = sourcecode.c.h; name = "NSArrayController+Addition.h"; path = "addition/NSArrayController+Addition.h"; sourceTree = "<group>"; };
		78ADD975189247C6003B6D07 /* NSArrayController+Addition.m */ = {isa = PBXFileReference; fileEncoding = 4; lastKnownFileType = sourcecode.c.objc; name = "NSArrayController+Addition.m"; path = "addition/NSArrayController+Addition.m"; sourceTree = "<group>"; };
		78ADD97A18926047003B6D07 /* ipagp-mona.ttf */ = {isa = PBXFileReference; lastKnownFileType = file; name = "ipagp-mona.ttf"; path = "fonts/ipagp-mona.ttf"; sourceTree = "<group>"; };
		78ADD9811892A47F003B6D07 /* NSString+AAAddition.h */ = {isa = PBXFileReference; fileEncoding = 4; lastKnownFileType = sourcecode.c.h; name = "NSString+AAAddition.h"; path = "addition/NSString+AAAddition.h"; sourceTree = "<group>"; };
		78ADD9821892A47F003B6D07 /* NSString+AAAddition.m */ = {isa = PBXFileReference; fileEncoding = 4; lastKnownFileType = sourcecode.c.objc; name = "NSString+AAAddition.m"; path = "addition/NSString+AAAddition.m"; sourceTree = "<group>"; };
		78ADD9841892B1C3003B6D07 /* NSImage+Addition.h */ = {isa = PBXFileReference; fileEncoding = 4; lastKnownFileType = sourcecode.c.h; name = "NSImage+Addition.h"; path = "addition/NSImage+Addition.h"; sourceTree = "<group>"; };
		78ADD9851892B1C3003B6D07 /* NSImage+Addition.m */ = {isa = PBXFileReference; fileEncoding = 4; lastKnownFileType = sourcecode.c.objc; name = "NSImage+Addition.m"; path = "addition/NSImage+Addition.m"; sourceTree = "<group>"; };
		78B9F58D188FA4B7006D96DB /* UserDefaults.plist */ = {isa = PBXFileReference; fileEncoding = 4; lastKnownFileType = text.plist.xml; path = UserDefaults.plist; sourceTree = "<group>"; };
		78B9F58F188FE9B3006D96DB /* AAEdgeData.h */ = {isa = PBXFileReference; fileEncoding = 4; lastKnownFileType = sourcecode.c.h; path = AAEdgeData.h; sourceTree = "<group>"; };
		78B9F590188FE9B3006D96DB /* AAEdgeData.m */ = {isa = PBXFileReference; fileEncoding = 4; lastKnownFileType = sourcecode.c.objc; path = AAEdgeData.m; sourceTree = "<group>"; };
		78C74BE01894FE870023C9C6 /* AADomUtil.h */ = {isa = PBXFileReference; fileEncoding = 4; lastKnownFileType = sourcecode.c.h; name = AADomUtil.h; path = util/AADomUtil.h; sourceTree = "<group>"; };
		78C74BE11894FE870023C9C6 /* AADomUtil.m */ = {isa = PBXFileReference; fileEncoding = 4; lastKnownFileType = sourcecode.c.objc; name = AADomUtil.m; path = util/AADomUtil.m; sourceTree = "<group>"; };
		78C74BE418950E870023C9C6 /* AADataProtcol.h */ = {isa = PBXFileReference; fileEncoding = 4; lastKnownFileType = sourcecode.c.h; path = AADataProtcol.h; sourceTree = "<group>"; };
		78C74BE518950F560023C9C6 /* AAToneData.h */ = {isa = PBXFileReference; fileEncoding = 4; lastKnownFileType = sourcecode.c.h; path = AAToneData.h; sourceTree = "<group>"; };
		78C74BE618950F560023C9C6 /* AAToneData.m */ = {isa = PBXFileReference; fileEncoding = 4; lastKnownFileType = sourcecode.c.objc; path = AAToneData.m; sourceTree = "<group>"; };
		78C74BE9189521270023C9C6 /* AAColorCell.h */ = {isa = PBXFileReference; fileEncoding = 4; lastKnownFileType = sourcecode.c.h; path = AAColorCell.h; sourceTree = "<group>"; };
		78C74BEA189521270023C9C6 /* AAColorCell.m */ = {isa = PBXFileReference; fileEncoding = 4; lastKnownFileType = sourcecode.c.objc; path = AAColorCell.m; sourceTree = "<group>"; };
/* End PBXFileReference section */

/* Begin PBXFrameworksBuildPhase section */
		7833C8F7188CD33C00905AA6 /* Frameworks */ = {
			isa = PBXFrameworksBuildPhase;
			buildActionMask = 2147483647;
			files = (
				7833C952188CD45900905AA6 /* QTKit.framework in Frameworks */,
				7833C932188CD37900905AA6 /* Quartz.framework in Frameworks */,
				78647E62188CF68E00CECA10 /* WebKit.framework in Frameworks */,
				7833C8FE188CD33C00905AA6 /* Cocoa.framework in Frameworks */,
				788AD43218962E9600FEB743 /* opencv.a in Frameworks */,
			);
			runOnlyForDeploymentPostprocessing = 0;
		};
		7833C916188CD33C00905AA6 /* Frameworks */ = {
			isa = PBXFrameworksBuildPhase;
			buildActionMask = 2147483647;
			files = (
				7833C91C188CD33C00905AA6 /* SenTestingKit.framework in Frameworks */,
				7833C91D188CD33C00905AA6 /* Cocoa.framework in Frameworks */,
				788AD43318962E9600FEB743 /* opencv.a in Frameworks */,
			);
			runOnlyForDeploymentPostprocessing = 0;
		};
/* End PBXFrameworksBuildPhase section */

/* Begin PBXGroup section */
		781C3E07188E7C560017D677 /* util */ = {
			isa = PBXGroup;
			children = (
				781C3E08188E7C730017D677 /* AAFileUtil.h */,
				781C3E09188E7C730017D677 /* AAFileUtil.m */,
				78C74BE01894FE870023C9C6 /* AADomUtil.h */,
				78C74BE11894FE870023C9C6 /* AADomUtil.m */,
			);
			name = util;
			sourceTree = "<group>";
		};
		7833C8F1188CD33C00905AA6 = {
			isa = PBXGroup;
			children = (
				7833C903188CD33C00905AA6 /* AAEdit */,
				7833C920188CD33C00905AA6 /* AAEditTests */,
				7833C8FC188CD33C00905AA6 /* Frameworks */,
				7833C8FB188CD33C00905AA6 /* Products */,
			);
			sourceTree = "<group>";
		};
		7833C8FB188CD33C00905AA6 /* Products */ = {
			isa = PBXGroup;
			children = (
				7833C8FA188CD33C00905AA6 /* AAEdit.app */,
				7833C91A188CD33C00905AA6 /* AAEditTests.octest */,
			);
			name = Products;
			sourceTree = "<group>";
		};
		7833C8FC188CD33C00905AA6 /* Frameworks */ = {
			isa = PBXGroup;
			children = (
				78647E60188CF66F00CECA10 /* WebKit.framework */,
				7833C951188CD45900905AA6 /* QTKit.framework */,
				7833C931188CD37900905AA6 /* Quartz.framework */,
				7833C8FD188CD33C00905AA6 /* Cocoa.framework */,
				7833C91B188CD33C00905AA6 /* SenTestingKit.framework */,
				7833C8FF188CD33C00905AA6 /* Other Frameworks */,
			);
			name = Frameworks;
			sourceTree = "<group>";
		};
		7833C8FF188CD33C00905AA6 /* Other Frameworks */ = {
			isa = PBXGroup;
			children = (
				7833C900188CD33C00905AA6 /* AppKit.framework */,
				7833C901188CD33C00905AA6 /* CoreData.framework */,
				7833C902188CD33C00905AA6 /* Foundation.framework */,
			);
			name = "Other Frameworks";
			sourceTree = "<group>";
		};
		7833C903188CD33C00905AA6 /* AAEdit */ = {
			isa = PBXGroup;
			children = (
				788AD35D1896020800FEB743 /* lib */,
				7833C953188CD4A200905AA6 /* resources */,
				7833C935188CD42F00905AA6 /* src */,
				7833C904188CD33C00905AA6 /* Supporting Files */,
			);
			path = AAEdit;
			sourceTree = "<group>";
		};
		7833C904188CD33C00905AA6 /* Supporting Files */ = {
			isa = PBXGroup;
			children = (
				7833C905188CD33C00905AA6 /* AAEdit-Info.plist */,
				7833C906188CD33C00905AA6 /* InfoPlist.strings */,
				7833C909188CD33C00905AA6 /* main.m */,
				7833C90B188CD33C00905AA6 /* AAEdit-Prefix.pch */,
				7833C90C188CD33C00905AA6 /* Credits.rtf */,
			);
			name = "Supporting Files";
			sourceTree = "<group>";
		};
		7833C920188CD33C00905AA6 /* AAEditTests */ = {
			isa = PBXGroup;
			children = (
				7833C926188CD33C00905AA6 /* AAEditTests.h */,
				7833C927188CD33C00905AA6 /* AAEditTests.m */,
				7833C921188CD33C00905AA6 /* Supporting Files */,
			);
			path = AAEditTests;
			sourceTree = "<group>";
		};
		7833C921188CD33C00905AA6 /* Supporting Files */ = {
			isa = PBXGroup;
			children = (
				7833C922188CD33C00905AA6 /* AAEditTests-Info.plist */,
				7833C923188CD33C00905AA6 /* InfoPlist.strings */,
			);
			name = "Supporting Files";
			sourceTree = "<group>";
		};
		7833C935188CD42F00905AA6 /* src */ = {
			isa = PBXGroup;
			children = (
				78ADD96F18924579003B6D07 /* addition */,
				7833C90F188CD33C00905AA6 /* AAAppDelegate.h */,
				7833C910188CD33C00905AA6 /* AAAppDelegate.m */,
				7833C936188CD42F00905AA6 /* controller */,
				7833C939188CD42F00905AA6 /* model */,
				7833C93C188CD42F00905AA6 /* view */,
				781C3E07188E7C560017D677 /* util */,
			);
			path = src;
			sourceTree = "<group>";
		};
		7833C936188CD42F00905AA6 /* controller */ = {
			isa = PBXGroup;
			children = (
				7833C937188CD42F00905AA6 /* AAMainViewController.h */,
				7833C938188CD42F00905AA6 /* AAMainViewController.m */,
			);
			path = controller;
			sourceTree = "<group>";
		};
		7833C939188CD42F00905AA6 /* model */ = {
			isa = PBXGroup;
			children = (
				781C3E01188E22E20017D677 /* AADataManager.h */,
				781C3E02188E22E20017D677 /* AADataManager.m */,
				7833C93A188CD42F00905AA6 /* AAViewModel.h */,
				7833C93B188CD42F00905AA6 /* AAViewModel.m */,
				78B9F58F188FE9B3006D96DB /* AAEdgeData.h */,
				78B9F590188FE9B3006D96DB /* AAEdgeData.m */,
				782432911893CDBF0037C1F8 /* AABitmap.h */,
				78C74BE418950E870023C9C6 /* AADataProtcol.h */,
				78C74BE518950F560023C9C6 /* AAToneData.h */,
				78C74BE618950F560023C9C6 /* AAToneData.m */,
			);
			path = model;
			sourceTree = "<group>";
		};
		7833C93C188CD42F00905AA6 /* view */ = {
			isa = PBXGroup;
			children = (
				7833C93D188CD42F00905AA6 /* AAAsciiTraceView.h */,
				7833C93E188CD42F00905AA6 /* AAAsciiTraceView.m */,
				7833C93F188CD42F00905AA6 /* AAMovieView.h */,
				7833C940188CD42F00905AA6 /* AAMovieView.m */,
				7833C941188CD42F00905AA6 /* AATextField.h */,
				7833C942188CD42F00905AA6 /* AATextField.m */,
				7833C943188CD42F00905AA6 /* AATextView.h */,
				7833C944188CD42F00905AA6 /* AATextView.m */,
				7833C947188CD42F00905AA6 /* NSColorWellWithAlpha.h */,
				7833C948188CD42F00905AA6 /* NSColorWellWithAlpha.m */,
				78647E63188CF6BB00CECA10 /* AAWebView.h */,
				78647E64188CF6BB00CECA10 /* AAWebView.m */,
				78C74BE9189521270023C9C6 /* AAColorCell.h */,
				78C74BEA189521270023C9C6 /* AAColorCell.m */,
			);
			path = view;
			sourceTree = "<group>";
		};
		7833C953188CD4A200905AA6 /* resources */ = {
			isa = PBXGroup;
			children = (
				78B9F58D188FA4B7006D96DB /* UserDefaults.plist */,
				781C3E0C188E7E050017D677 /* template.html */,
				781C3E05188E6FE80017D677 /* ipagp-mona.woff */,
				7833C912188CD33C00905AA6 /* MainMenu.xib */,
				78ADD97A18926047003B6D07 /* ipagp-mona.ttf */,
				7833C954188CD4A200905AA6 /* player.qtz */,
			);
			path = resources;
			sourceTree = "<group>";
		};
		788AD35D1896020800FEB743 /* lib */ = {
			isa = PBXGroup;
			children = (
				788AD3CC18962E9600FEB743 /* opencv */,
			);
			name = lib;
			sourceTree = "<group>";
		};
		788AD3CC18962E9600FEB743 /* opencv */ = {
			isa = PBXGroup;
			children = (
				788AD3CD18962E9600FEB743 /* include */,
				788AD42F18962E9600FEB743 /* lib */,
			);
			name = opencv;
			path = lib/opencv;
			sourceTree = SOURCE_ROOT;
		};
		788AD3CD18962E9600FEB743 /* include */ = {
			isa = PBXGroup;
			children = (
				788AD3CE18962E9600FEB743 /* opencv */,
				788AD3DA18962E9600FEB743 /* opencv2 */,
			);
			path = include;
			sourceTree = "<group>";
		};
		788AD3CE18962E9600FEB743 /* opencv */ = {
			isa = PBXGroup;
			children = (
				788AD3CF18962E9600FEB743 /* cv.h */,
				788AD3D018962E9600FEB743 /* cv.hpp */,
				788AD3D118962E9600FEB743 /* cvaux.h */,
				788AD3D218962E9600FEB743 /* cvaux.hpp */,
				788AD3D318962E9600FEB743 /* cvwimage.h */,
				788AD3D418962E9600FEB743 /* cxcore.h */,
				788AD3D518962E9600FEB743 /* cxcore.hpp */,
				788AD3D618962E9600FEB743 /* cxeigen.hpp */,
				788AD3D718962E9600FEB743 /* cxmisc.h */,
				788AD3D818962E9600FEB743 /* highgui.h */,
				788AD3D918962E9600FEB743 /* ml.h */,
			);
			path = opencv;
			sourceTree = "<group>";
		};
		788AD3DA18962E9600FEB743 /* opencv2 */ = {
			isa = PBXGroup;
			children = (
				788AD3DB18962E9600FEB743 /* calib3d */,
				788AD3DD18962E9600FEB743 /* contrib */,
				788AD3E018962E9600FEB743 /* core */,
				788AD3EA18962E9600FEB743 /* features2d */,
				788AD3EC18962E9600FEB743 /* flann */,
				788AD41118962E9600FEB743 /* gpu */,
				788AD41718962E9600FEB743 /* highgui */,
				788AD41A18962E9600FEB743 /* imgproc */,
				788AD41E18962E9600FEB743 /* legacy */,
				788AD42318962E9600FEB743 /* ml */,
				788AD42518962E9600FEB743 /* objdetect */,
				788AD42718962E9600FEB743 /* opencv.hpp */,
				788AD42818962E9600FEB743 /* ts */,
				788AD42B18962E9600FEB743 /* video */,
			);
			path = opencv2;
			sourceTree = "<group>";
		};
		788AD3DB18962E9600FEB743 /* calib3d */ = {
			isa = PBXGroup;
			children = (
				788AD3DC18962E9600FEB743 /* calib3d.hpp */,
			);
			path = calib3d;
			sourceTree = "<group>";
		};
		788AD3DD18962E9600FEB743 /* contrib */ = {
			isa = PBXGroup;
			children = (
				788AD3DE18962E9600FEB743 /* contrib.hpp */,
				788AD3DF18962E9600FEB743 /* retina.hpp */,
			);
			path = contrib;
			sourceTree = "<group>";
		};
		788AD3E018962E9600FEB743 /* core */ = {
			isa = PBXGroup;
			children = (
				788AD3E118962E9600FEB743 /* core.hpp */,
				788AD3E218962E9600FEB743 /* core_c.h */,
				788AD3E318962E9600FEB743 /* eigen.hpp */,
				788AD3E418962E9600FEB743 /* internal.hpp */,
				788AD3E518962E9600FEB743 /* mat.hpp */,
				788AD3E618962E9600FEB743 /* operations.hpp */,
				788AD3E718962E9600FEB743 /* types_c.h */,
				788AD3E818962E9600FEB743 /* version.hpp */,
				788AD3E918962E9600FEB743 /* wimage.hpp */,
			);
			path = core;
			sourceTree = "<group>";
		};
		788AD3EA18962E9600FEB743 /* features2d */ = {
			isa = PBXGroup;
			children = (
				788AD3EB18962E9600FEB743 /* features2d.hpp */,
			);
			path = features2d;
			sourceTree = "<group>";
		};
		788AD3EC18962E9600FEB743 /* flann */ = {
			isa = PBXGroup;
			children = (
				788AD3ED18962E9600FEB743 /* all_indices.h */,
				788AD3EE18962E9600FEB743 /* allocator.h */,
				788AD3EF18962E9600FEB743 /* any.h */,
				788AD3F018962E9600FEB743 /* autotuned_index.h */,
				788AD3F118962E9600FEB743 /* composite_index.h */,
				788AD3F218962E9600FEB743 /* config.h */,
				788AD3F318962E9600FEB743 /* defines.h */,
				788AD3F418962E9600FEB743 /* dist.h */,
				788AD3F518962E9600FEB743 /* dummy.h */,
				788AD3F618962E9600FEB743 /* dynamic_bitset.h */,
				788AD3F718962E9600FEB743 /* flann.hpp */,
				788AD3F818962E9600FEB743 /* flann_base.hpp */,
				788AD3F918962E9600FEB743 /* general.h */,
				788AD3FA18962E9600FEB743 /* ground_truth.h */,
				788AD3FB18962E9600FEB743 /* hdf5.h */,
				788AD3FC18962E9600FEB743 /* heap.h */,
				788AD3FD18962E9600FEB743 /* hierarchical_clustering_index.h */,
				788AD3FE18962E9600FEB743 /* index_testing.h */,
				788AD3FF18962E9600FEB743 /* kdtree_index.h */,
				788AD40018962E9600FEB743 /* kdtree_single_index.h */,
				788AD40118962E9600FEB743 /* kmeans_index.h */,
				788AD40218962E9600FEB743 /* linear_index.h */,
				788AD40318962E9600FEB743 /* logger.h */,
				788AD40418962E9600FEB743 /* lsh_index.h */,
				788AD40518962E9600FEB743 /* lsh_table.h */,
				788AD40618962E9600FEB743 /* matrix.h */,
				788AD40718962E9600FEB743 /* miniflann.hpp */,
				788AD40818962E9600FEB743 /* nn_index.h */,
				788AD40918962E9600FEB743 /* object_factory.h */,
				788AD40A18962E9600FEB743 /* params.h */,
				788AD40B18962E9600FEB743 /* random.h */,
				788AD40C18962E9600FEB743 /* result_set.h */,
				788AD40D18962E9600FEB743 /* sampling.h */,
				788AD40E18962E9600FEB743 /* saving.h */,
				788AD40F18962E9600FEB743 /* simplex_downhill.h */,
				788AD41018962E9600FEB743 /* timer.h */,
			);
			path = flann;
			sourceTree = "<group>";
		};
		788AD41118962E9600FEB743 /* gpu */ = {
			isa = PBXGroup;
			children = (
				788AD41218962E9600FEB743 /* devmem2d.hpp */,
				788AD41318962E9600FEB743 /* gpu.hpp */,
				788AD41418962E9600FEB743 /* gpumat.hpp */,
				788AD41518962E9600FEB743 /* matrix_operations.hpp */,
				788AD41618962E9600FEB743 /* stream_accessor.hpp */,
			);
			path = gpu;
			sourceTree = "<group>";
		};
		788AD41718962E9600FEB743 /* highgui */ = {
			isa = PBXGroup;
			children = (
				788AD41818962E9600FEB743 /* highgui.hpp */,
				788AD41918962E9600FEB743 /* highgui_c.h */,
			);
			path = highgui;
			sourceTree = "<group>";
		};
		788AD41A18962E9600FEB743 /* imgproc */ = {
			isa = PBXGroup;
			children = (
				788AD41B18962E9600FEB743 /* imgproc.hpp */,
				788AD41C18962E9600FEB743 /* imgproc_c.h */,
				788AD41D18962E9600FEB743 /* types_c.h */,
			);
			path = imgproc;
			sourceTree = "<group>";
		};
		788AD41E18962E9600FEB743 /* legacy */ = {
			isa = PBXGroup;
			children = (
				788AD41F18962E9600FEB743 /* blobtrack.hpp */,
				788AD42018962E9600FEB743 /* compat.hpp */,
				788AD42118962E9600FEB743 /* legacy.hpp */,
				788AD42218962E9600FEB743 /* streams.hpp */,
			);
			path = legacy;
			sourceTree = "<group>";
		};
		788AD42318962E9600FEB743 /* ml */ = {
			isa = PBXGroup;
			children = (
				788AD42418962E9600FEB743 /* ml.hpp */,
			);
			path = ml;
			sourceTree = "<group>";
		};
		788AD42518962E9600FEB743 /* objdetect */ = {
			isa = PBXGroup;
			children = (
				788AD42618962E9600FEB743 /* objdetect.hpp */,
			);
			path = objdetect;
			sourceTree = "<group>";
		};
		788AD42818962E9600FEB743 /* ts */ = {
			isa = PBXGroup;
			children = (
				788AD42918962E9600FEB743 /* ts.hpp */,
				788AD42A18962E9600FEB743 /* ts_gtest.h */,
			);
			path = ts;
			sourceTree = "<group>";
		};
		788AD42B18962E9600FEB743 /* video */ = {
			isa = PBXGroup;
			children = (
				788AD42C18962E9600FEB743 /* background_segm.hpp */,
				788AD42D18962E9600FEB743 /* tracking.hpp */,
				788AD42E18962E9600FEB743 /* video.hpp */,
			);
			path = video;
			sourceTree = "<group>";
		};
		788AD42F18962E9600FEB743 /* lib */ = {
			isa = PBXGroup;
			children = (
				788AD43018962E9600FEB743 /* osx */,
			);
			path = lib;
			sourceTree = "<group>";
		};
		788AD43018962E9600FEB743 /* osx */ = {
			isa = PBXGroup;
			children = (
				788AD43118962E9600FEB743 /* opencv.a */,
			);
			path = osx;
			sourceTree = "<group>";
		};
		78ADD96F18924579003B6D07 /* addition */ = {
			isa = PBXGroup;
			children = (
				78ADD974189247C6003B6D07 /* NSArrayController+Addition.h */,
				78ADD975189247C6003B6D07 /* NSArrayController+Addition.m */,
				78ADD9811892A47F003B6D07 /* NSString+AAAddition.h */,
				78ADD9821892A47F003B6D07 /* NSString+AAAddition.m */,
				78ADD9841892B1C3003B6D07 /* NSImage+Addition.h */,
				78ADD9851892B1C3003B6D07 /* NSImage+Addition.m */,
				78731B461894E5FC002183C8 /* NSUserDefaults+Addition.h */,
				78731B471894E5FC002183C8 /* NSUserDefaults+Addition.m */,
			);
			name = addition;
			sourceTree = "<group>";
		};
/* End PBXGroup section */

/* Begin PBXNativeTarget section */
		7833C8F9188CD33C00905AA6 /* AAEdit */ = {
			isa = PBXNativeTarget;
			buildConfigurationList = 7833C92B188CD33C00905AA6 /* Build configuration list for PBXNativeTarget "AAEdit" */;
			buildPhases = (
				7833C8F6188CD33C00905AA6 /* Sources */,
				7833C8F7188CD33C00905AA6 /* Frameworks */,
				7833C8F8188CD33C00905AA6 /* Resources */,
				78ADD97C189260BC003B6D07 /* CopyFiles */,
			);
			buildRules = (
			);
			dependencies = (
			);
			name = AAEdit;
			productName = AAEdit;
			productReference = 7833C8FA188CD33C00905AA6 /* AAEdit.app */;
			productType = "com.apple.product-type.application";
		};
		7833C919188CD33C00905AA6 /* AAEditTests */ = {
			isa = PBXNativeTarget;
			buildConfigurationList = 7833C92E188CD33C00905AA6 /* Build configuration list for PBXNativeTarget "AAEditTests" */;
			buildPhases = (
				7833C915188CD33C00905AA6 /* Sources */,
				7833C916188CD33C00905AA6 /* Frameworks */,
				7833C917188CD33C00905AA6 /* Resources */,
				7833C918188CD33C00905AA6 /* ShellScript */,
			);
			buildRules = (
			);
			dependencies = (
				7833C91F188CD33C00905AA6 /* PBXTargetDependency */,
			);
			name = AAEditTests;
			productName = AAEditTests;
			productReference = 7833C91A188CD33C00905AA6 /* AAEditTests.octest */;
			productType = "com.apple.product-type.bundle";
		};
/* End PBXNativeTarget section */

/* Begin PBXProject section */
		7833C8F2188CD33C00905AA6 /* Project object */ = {
			isa = PBXProject;
			attributes = {
				CLASSPREFIX = AA;
				LastUpgradeCheck = 0460;
				ORGANIZATIONNAME = "Koki Ibukuro";
			};
			buildConfigurationList = 7833C8F5188CD33C00905AA6 /* Build configuration list for PBXProject "AAEdit" */;
			compatibilityVersion = "Xcode 3.2";
			developmentRegion = English;
			hasScannedForEncodings = 0;
			knownRegions = (
				en,
			);
			mainGroup = 7833C8F1188CD33C00905AA6;
			productRefGroup = 7833C8FB188CD33C00905AA6 /* Products */;
			projectDirPath = "";
			projectRoot = "";
			targets = (
				7833C8F9188CD33C00905AA6 /* AAEdit */,
				7833C919188CD33C00905AA6 /* AAEditTests */,
			);
		};
/* End PBXProject section */

/* Begin PBXResourcesBuildPhase section */
		7833C8F8188CD33C00905AA6 /* Resources */ = {
			isa = PBXResourcesBuildPhase;
			buildActionMask = 2147483647;
			files = (
				7833C908188CD33C00905AA6 /* InfoPlist.strings in Resources */,
				7833C90E188CD33C00905AA6 /* Credits.rtf in Resources */,
				7833C914188CD33C00905AA6 /* MainMenu.xib in Resources */,
				7833C956188CD4A200905AA6 /* player.qtz in Resources */,
				781C3E06188E6FE80017D677 /* ipagp-mona.woff in Resources */,
				781C3E0D188E7E050017D677 /* template.html in Resources */,
				78B9F58E188FA4B7006D96DB /* UserDefaults.plist in Resources */,
				78ADD97B18926047003B6D07 /* ipagp-mona.ttf in Resources */,
			);
			runOnlyForDeploymentPostprocessing = 0;
		};
		7833C917188CD33C00905AA6 /* Resources */ = {
			isa = PBXResourcesBuildPhase;
			buildActionMask = 2147483647;
			files = (
				7833C925188CD33C00905AA6 /* InfoPlist.strings in Resources */,
				781C3E0E188E7E050017D677 /* template.html in Resources */,
			);
			runOnlyForDeploymentPostprocessing = 0;
		};
/* End PBXResourcesBuildPhase section */

/* Begin PBXShellScriptBuildPhase section */
		7833C918188CD33C00905AA6 /* ShellScript */ = {
			isa = PBXShellScriptBuildPhase;
			buildActionMask = 2147483647;
			files = (
			);
			inputPaths = (
			);
			outputPaths = (
			);
			runOnlyForDeploymentPostprocessing = 0;
			shellPath = /bin/sh;
			shellScript = "# Run the unit tests in this test bundle.\n\"${SYSTEM_DEVELOPER_DIR}/Tools/RunUnitTests\"\n";
		};
/* End PBXShellScriptBuildPhase section */

/* Begin PBXSourcesBuildPhase section */
		7833C8F6188CD33C00905AA6 /* Sources */ = {
			isa = PBXSourcesBuildPhase;
			buildActionMask = 2147483647;
			files = (
				7833C90A188CD33C00905AA6 /* main.m in Sources */,
				7833C911188CD33C00905AA6 /* AAAppDelegate.m in Sources */,
				7833C949188CD42F00905AA6 /* AAMainViewController.m in Sources */,
				7833C94A188CD42F00905AA6 /* AAViewModel.m in Sources */,
				7833C94B188CD42F00905AA6 /* AAAsciiTraceView.m in Sources */,
				7833C94C188CD42F00905AA6 /* AAMovieView.m in Sources */,
				7833C94D188CD42F00905AA6 /* AATextField.m in Sources */,
				7833C94E188CD42F00905AA6 /* AATextView.m in Sources */,
				7833C950188CD42F00905AA6 /* NSColorWellWithAlpha.m in Sources */,
				78647E65188CF6BB00CECA10 /* AAWebView.m in Sources */,
				781C3E03188E22E20017D677 /* AADataManager.m in Sources */,
				781C3E0A188E7C730017D677 /* AAFileUtil.m in Sources */,
				78B9F591188FE9B3006D96DB /* AAEdgeData.m in Sources */,
				78ADD976189247C6003B6D07 /* NSArrayController+Addition.m in Sources */,
				78ADD9831892A47F003B6D07 /* NSString+AAAddition.m in Sources */,
				78ADD9861892B1C3003B6D07 /* NSImage+Addition.m in Sources */,
				78731B481894E5FC002183C8 /* NSUserDefaults+Addition.m in Sources */,
				78C74BE21894FE870023C9C6 /* AADomUtil.m in Sources */,
				78C74BE718950F560023C9C6 /* AAToneData.m in Sources */,
				78C74BEB189521270023C9C6 /* AAColorCell.m in Sources */,
			);
			runOnlyForDeploymentPostprocessing = 0;
		};
		7833C915188CD33C00905AA6 /* Sources */ = {
			isa = PBXSourcesBuildPhase;
			buildActionMask = 2147483647;
			files = (
				7833C928188CD33C00905AA6 /* AAEditTests.m in Sources */,
				781C3E04188E22E20017D677 /* AADataManager.m in Sources */,
				781C3E0B188E7C730017D677 /* AAFileUtil.m in Sources */,
				78ADD977189247C6003B6D07 /* NSArrayController+Addition.m in Sources */,
				78731B491894E5FC002183C8 /* NSUserDefaults+Addition.m in Sources */,
				78C74BE31894FE870023C9C6 /* AADomUtil.m in Sources */,
				78C74BE818950F560023C9C6 /* AAToneData.m in Sources */,
				78C74BEC189521270023C9C6 /* AAColorCell.m in Sources */,
			);
			runOnlyForDeploymentPostprocessing = 0;
		};
/* End PBXSourcesBuildPhase section */

/* Begin PBXTargetDependency section */
		7833C91F188CD33C00905AA6 /* PBXTargetDependency */ = {
			isa = PBXTargetDependency;
			target = 7833C8F9188CD33C00905AA6 /* AAEdit */;
			targetProxy = 7833C91E188CD33C00905AA6 /* PBXContainerItemProxy */;
		};
/* End PBXTargetDependency section */

/* Begin PBXVariantGroup section */
		7833C906188CD33C00905AA6 /* InfoPlist.strings */ = {
			isa = PBXVariantGroup;
			children = (
				7833C907188CD33C00905AA6 /* en */,
			);
			name = InfoPlist.strings;
			sourceTree = "<group>";
		};
		7833C90C188CD33C00905AA6 /* Credits.rtf */ = {
			isa = PBXVariantGroup;
			children = (
				7833C90D188CD33C00905AA6 /* en */,
			);
			name = Credits.rtf;
			sourceTree = "<group>";
		};
		7833C912188CD33C00905AA6 /* MainMenu.xib */ = {
			isa = PBXVariantGroup;
			children = (
				7833C913188CD33C00905AA6 /* en */,
			);
			name = MainMenu.xib;
			path = ..;
			sourceTree = "<group>";
		};
		7833C923188CD33C00905AA6 /* InfoPlist.strings */ = {
			isa = PBXVariantGroup;
			children = (
				7833C924188CD33C00905AA6 /* en */,
			);
			name = InfoPlist.strings;
			sourceTree = "<group>";
		};
/* End PBXVariantGroup section */

/* Begin XCBuildConfiguration section */
		7833C929188CD33C00905AA6 /* Debug */ = {
			isa = XCBuildConfiguration;
			buildSettings = {
				ALWAYS_SEARCH_USER_PATHS = NO;
				ARCHS = "$(ARCHS_STANDARD_64_BIT)";
				CLANG_CXX_LANGUAGE_STANDARD = "gnu++0x";
				CLANG_CXX_LIBRARY = "libc++";
				CLANG_ENABLE_OBJC_ARC = YES;
				CLANG_WARN_CONSTANT_CONVERSION = YES;
				CLANG_WARN_EMPTY_BODY = YES;
				CLANG_WARN_ENUM_CONVERSION = YES;
				CLANG_WARN_INT_CONVERSION = YES;
				CLANG_WARN__DUPLICATE_METHOD_MATCH = YES;
				COPY_PHASE_STRIP = NO;
				GCC_C_LANGUAGE_STANDARD = gnu99;
				GCC_DYNAMIC_NO_PIC = NO;
				GCC_ENABLE_OBJC_EXCEPTIONS = YES;
				GCC_OPTIMIZATION_LEVEL = 0;
				GCC_PREPROCESSOR_DEFINITIONS = (
					"DEBUG=1",
					"$(inherited)",
				);
				GCC_SYMBOLS_PRIVATE_EXTERN = NO;
				GCC_WARN_64_TO_32_BIT_CONVERSION = YES;
				GCC_WARN_ABOUT_RETURN_TYPE = YES;
				GCC_WARN_UNINITIALIZED_AUTOS = YES;
				GCC_WARN_UNUSED_VARIABLE = YES;
				MACOSX_DEPLOYMENT_TARGET = 10.9;
				ONLY_ACTIVE_ARCH = YES;
				SDKROOT = macosx;
			};
			name = Debug;
		};
		7833C92A188CD33C00905AA6 /* Release */ = {
			isa = XCBuildConfiguration;
			buildSettings = {
				ALWAYS_SEARCH_USER_PATHS = NO;
				ARCHS = "$(ARCHS_STANDARD_64_BIT)";
				CLANG_CXX_LANGUAGE_STANDARD = "gnu++0x";
				CLANG_CXX_LIBRARY = "libc++";
				CLANG_ENABLE_OBJC_ARC = YES;
				CLANG_WARN_CONSTANT_CONVERSION = YES;
				CLANG_WARN_EMPTY_BODY = YES;
				CLANG_WARN_ENUM_CONVERSION = YES;
				CLANG_WARN_INT_CONVERSION = YES;
				CLANG_WARN__DUPLICATE_METHOD_MATCH = YES;
				COPY_PHASE_STRIP = YES;
				DEBUG_INFORMATION_FORMAT = "dwarf-with-dsym";
				GCC_C_LANGUAGE_STANDARD = gnu99;
				GCC_ENABLE_OBJC_EXCEPTIONS = YES;
				GCC_WARN_64_TO_32_BIT_CONVERSION = YES;
				GCC_WARN_ABOUT_RETURN_TYPE = YES;
				GCC_WARN_UNINITIALIZED_AUTOS = YES;
				GCC_WARN_UNUSED_VARIABLE = YES;
				MACOSX_DEPLOYMENT_TARGET = 10.9;
				SDKROOT = macosx;
			};
			name = Release;
		};
		7833C92C188CD33C00905AA6 /* Debug */ = {
			isa = XCBuildConfiguration;
			buildSettings = {
				COMBINE_HIDPI_IMAGES = YES;
				GCC_PRECOMPILE_PREFIX_HEADER = YES;
				GCC_PREFIX_HEADER = "AAEdit/AAEdit-Prefix.pch";
				HEADER_SEARCH_PATHS = (
					./lib/opencv/include,
					./lib/opencv/include/opencv,
					./lib/opencv/include/opencv2,
					./lib/opencv/include/opencv2/calib3d,
					./lib/opencv/include/opencv2/core,
				);
				INFOPLIST_FILE = "AAEdit/AAEdit-Info.plist";
				LIBRARY_SEARCH_PATHS = (
					"$(inherited)",
					"\"$(SRCROOT)/AAEdit/lib/opencv/lib/osx\"",
					"\"$(SRCROOT)/lib/opencv/lib/osx\"",
				);
				MACOSX_DEPLOYMENT_TARGET = 10.8;
				PRODUCT_NAME = "$(TARGET_NAME)";
				WRAPPER_EXTENSION = app;
			};
			name = Debug;
		};
		7833C92D188CD33C00905AA6 /* Release */ = {
			isa = XCBuildConfiguration;
			buildSettings = {
				COMBINE_HIDPI_IMAGES = YES;
				GCC_PRECOMPILE_PREFIX_HEADER = YES;
				GCC_PREFIX_HEADER = "AAEdit/AAEdit-Prefix.pch";
				HEADER_SEARCH_PATHS = (
					./lib/opencv/include,
					./lib/opencv/include/opencv,
					./lib/opencv/include/opencv2,
					./lib/opencv/include/opencv2/calib3d,
					./lib/opencv/include/opencv2/core,
				);
				INFOPLIST_FILE = "AAEdit/AAEdit-Info.plist";
				LIBRARY_SEARCH_PATHS = (
					"$(inherited)",
					"\"$(SRCROOT)/AAEdit/lib/opencv/lib/osx\"",
					"\"$(SRCROOT)/lib/opencv/lib/osx\"",
				);
				MACOSX_DEPLOYMENT_TARGET = 10.8;
				PRODUCT_NAME = "$(TARGET_NAME)";
				WRAPPER_EXTENSION = app;
			};
			name = Release;
		};
		7833C92F188CD33C00905AA6 /* Debug */ = {
			isa = XCBuildConfiguration;
			buildSettings = {
				BUNDLE_LOADER = "$(BUILT_PRODUCTS_DIR)/AAEdit.app/Contents/MacOS/AAEdit";
				COMBINE_HIDPI_IMAGES = YES;
				FRAMEWORK_SEARCH_PATHS = "\"$(DEVELOPER_LIBRARY_DIR)/Frameworks\"";
				GCC_PRECOMPILE_PREFIX_HEADER = YES;
				GCC_PREFIX_HEADER = "AAEdit/AAEdit-Prefix.pch";
				INFOPLIST_FILE = "AAEditTests/AAEditTests-Info.plist";
				LIBRARY_SEARCH_PATHS = (
					"$(inherited)",
					"\"$(SRCROOT)/AAEdit/lib/opencv/lib/osx\"",
					"\"$(SRCROOT)/lib/opencv/lib/osx\"",
				);
				PRODUCT_NAME = "$(TARGET_NAME)";
				TEST_HOST = "$(BUNDLE_LOADER)";
				WRAPPER_EXTENSION = octest;
			};
			name = Debug;
		};
		7833C930188CD33C00905AA6 /* Release */ = {
			isa = XCBuildConfiguration;
			buildSettings = {
				BUNDLE_LOADER = "$(BUILT_PRODUCTS_DIR)/AAEdit.app/Contents/MacOS/AAEdit";
				COMBINE_HIDPI_IMAGES = YES;
				FRAMEWORK_SEARCH_PATHS = "\"$(DEVELOPER_LIBRARY_DIR)/Frameworks\"";
				GCC_PRECOMPILE_PREFIX_HEADER = YES;
				GCC_PREFIX_HEADER = "AAEdit/AAEdit-Prefix.pch";
				INFOPLIST_FILE = "AAEditTests/AAEditTests-Info.plist";
				LIBRARY_SEARCH_PATHS = (
					"$(inherited)",
					"\"$(SRCROOT)/AAEdit/lib/opencv/lib/osx\"",
					"\"$(SRCROOT)/lib/opencv/lib/osx\"",
				);
				PRODUCT_NAME = "$(TARGET_NAME)";
				TEST_HOST = "$(BUNDLE_LOADER)";
				WRAPPER_EXTENSION = octest;
			};
			name = Release;
		};
/* End XCBuildConfiguration section */

/* Begin XCConfigurationList section */
		7833C8F5188CD33C00905AA6 /* Build configuration list for PBXProject "AAEdit" */ = {
			isa = XCConfigurationList;
			buildConfigurations = (
				7833C929188CD33C00905AA6 /* Debug */,
				7833C92A188CD33C00905AA6 /* Release */,
			);
			defaultConfigurationIsVisible = 0;
			defaultConfigurationName = Release;
		};
		7833C92B188CD33C00905AA6 /* Build configuration list for PBXNativeTarget "AAEdit" */ = {
			isa = XCConfigurationList;
			buildConfigurations = (
				7833C92C188CD33C00905AA6 /* Debug */,
				7833C92D188CD33C00905AA6 /* Release */,
			);
			defaultConfigurationIsVisible = 0;
			defaultConfigurationName = Release;
		};
		7833C92E188CD33C00905AA6 /* Build configuration list for PBXNativeTarget "AAEditTests" */ = {
			isa = XCConfigurationList;
			buildConfigurations = (
				7833C92F188CD33C00905AA6 /* Debug */,
				7833C930188CD33C00905AA6 /* Release */,
			);
			defaultConfigurationIsVisible = 0;
			defaultConfigurationName = Release;
		};
/* End XCConfigurationList section */
	};
	rootObject = 7833C8F2188CD33C00905AA6 /* Project object */;
}
